
Microsoft Visual Studio Solution File, Format Version 12.00
# Visual Studio for Mac
Project("{FAE04EC0-301F-11D3-BF4B-00C04F79EFBC}") = "New Space Shooter", "New Space Shooter.csproj", "{D3C512D6-1383-565D-E8D9-88A53AF28C6E}"
EndProject
Project("{FAE04EC0-301F-11D3-BF4B-00C04F79EFBC}") = "New Space Shooter.Editor", "New Space Shooter.Editor.csproj", "{EA5D57DF-1A76-23A7-84A8-32B34BF0627F}"
EndProject
Global
	GlobalSection(SolutionConfigurationPlatforms) = preSolution
		Debug|Any CPU = Debug|Any CPU
		Release|Any CPU = Release|Any CPU
	EndGlobalSection
	GlobalSection(ProjectConfigurationPlatforms) = postSolution
		{D3C512D6-1383-565D-E8D9-88A53AF28C6E}.Debug|Any CPU.ActiveCfg = Debug|Any CPU
		{D3C512D6-1383-565D-E8D9-88A53AF28C6E}.Debug|Any CPU.Build.0 = Debug|Any CPU
		{D3C512D6-1383-565D-E8D9-88A53AF28C6E}.Release|Any CPU.ActiveCfg = Release|Any CPU
		{D3C512D6-1383-565D-E8D9-88A53AF28C6E}.Release|Any CPU.Build.0 = Release|Any CPU
		{EA5D57DF-1A76-23A7-84A8-32B34BF0627F}.Debug|Any CPU.ActiveCfg = Debug|Any CPU
		{EA5D57DF-1A76-23A7-84A8-32B34BF0627F}.Debug|Any CPU.Build.0 = Debug|Any CPU
		{EA5D57DF-1A76-23A7-84A8-32B34BF0627F}.Release|Any CPU.ActiveCfg = Release|Any CPU
		{EA5D57DF-1A76-23A7-84A8-32B34BF0627F}.Release|Any CPU.Build.0 = Release|Any CPU
	EndGlobalSection
	GlobalSection(SolutionProperties) = preSolution
		HideSolutionNode = FALSE
	EndGlobalSection
EndGlobal
